// !$*UTF8*$!
{
	archiveVersion = 1;
	classes = {
	};
	objectVersion = 46;
	objects = {

/* Begin PBXBuildFile section */
		C3259E081BA00B9E00C2128C /* AsyncButton.swift in Sources */ = {isa = PBXBuildFile; fileRef = C3259DEA1BA00B9E00C2128C /* AsyncButton.swift */; settings = {ASSET_TAGS = (); }; };
		C3259E091BA00B9E00C2128C /* AsyncImageView.swift in Sources */ = {isa = PBXBuildFile; fileRef = C3259DEB1BA00B9E00C2128C /* AsyncImageView.swift */; settings = {ASSET_TAGS = (); }; };
		C3259E0A1BA00B9E00C2128C /* AutoTextView.swift in Sources */ = {isa = PBXBuildFile; fileRef = C3259DEC1BA00B9E00C2128C /* AutoTextView.swift */; settings = {ASSET_TAGS = (); }; };
		C3259E0B1BA00B9E00C2128C /* BlurView.swift in Sources */ = {isa = PBXBuildFile; fileRef = C3259DED1BA00B9E00C2128C /* BlurView.swift */; settings = {ASSET_TAGS = (); }; };
		C3259E0C1BA00B9E00C2128C /* DesignableButton.swift in Sources */ = {isa = PBXBuildFile; fileRef = C3259DEE1BA00B9E00C2128C /* DesignableButton.swift */; settings = {ASSET_TAGS = (); }; };
		C3259E0D1BA00B9E00C2128C /* DesignableImageView.swift in Sources */ = {isa = PBXBuildFile; fileRef = C3259DEF1BA00B9E00C2128C /* DesignableImageView.swift */; settings = {ASSET_TAGS = (); }; };
		C3259E0E1BA00B9E00C2128C /* DesignableLabel.swift in Sources */ = {isa = PBXBuildFile; fileRef = C3259DF01BA00B9E00C2128C /* DesignableLabel.swift */; settings = {ASSET_TAGS = (); }; };
		C3259E0F1BA00B9E00C2128C /* DesignableTabBarController.swift in Sources */ = {isa = PBXBuildFile; fileRef = C3259DF11BA00B9E00C2128C /* DesignableTabBarController.swift */; settings = {ASSET_TAGS = (); }; };
		C3259E101BA00B9E00C2128C /* DesignableTextField.swift in Sources */ = {isa = PBXBuildFile; fileRef = C3259DF21BA00B9E00C2128C /* DesignableTextField.swift */; settings = {ASSET_TAGS = (); }; };
		C3259E111BA00B9E00C2128C /* DesignableTextView.swift in Sources */ = {isa = PBXBuildFile; fileRef = C3259DF31BA00B9E00C2128C /* DesignableTextView.swift */; settings = {ASSET_TAGS = (); }; };
		C3259E121BA00B9E00C2128C /* DesignableView.swift in Sources */ = {isa = PBXBuildFile; fileRef = C3259DF41BA00B9E00C2128C /* DesignableView.swift */; settings = {ASSET_TAGS = (); }; };
		C3259E131BA00B9E00C2128C /* ImageLoader.swift in Sources */ = {isa = PBXBuildFile; fileRef = C3259DF51BA00B9E00C2128C /* ImageLoader.swift */; settings = {ASSET_TAGS = (); }; };
		C3259E141BA00B9E00C2128C /* Info.plist in Resources */ = {isa = PBXBuildFile; fileRef = C3259DF61BA00B9E00C2128C /* Info.plist */; settings = {ASSET_TAGS = (); }; };
		C3259E151BA00B9E00C2128C /* KeyboardLayoutConstraint.swift in Sources */ = {isa = PBXBuildFile; fileRef = C3259DF71BA00B9E00C2128C /* KeyboardLayoutConstraint.swift */; settings = {ASSET_TAGS = (); }; };
		C3259E161BA00B9E00C2128C /* LoadingView.swift in Sources */ = {isa = PBXBuildFile; fileRef = C3259DF81BA00B9E00C2128C /* LoadingView.swift */; settings = {ASSET_TAGS = (); }; };
		C3259E171BA00B9E00C2128C /* LoadingView.xib in Resources */ = {isa = PBXBuildFile; fileRef = C3259DF91BA00B9E00C2128C /* LoadingView.xib */; settings = {ASSET_TAGS = (); }; };
		C3259E181BA00B9E00C2128C /* Misc.swift in Sources */ = {isa = PBXBuildFile; fileRef = C3259DFA1BA00B9E00C2128C /* Misc.swift */; settings = {ASSET_TAGS = (); }; };
		C3259E191BA00B9E00C2128C /* SoundPlayer.swift in Sources */ = {isa = PBXBuildFile; fileRef = C3259DFB1BA00B9E00C2128C /* SoundPlayer.swift */; settings = {ASSET_TAGS = (); }; };
		C3259E1A1BA00B9E00C2128C /* Spring.swift in Sources */ = {isa = PBXBuildFile; fileRef = C3259DFD1BA00B9E00C2128C /* Spring.swift */; settings = {ASSET_TAGS = (); }; };
		C3259E1B1BA00B9E00C2128C /* SpringAnimation.swift in Sources */ = {isa = PBXBuildFile; fileRef = C3259DFE1BA00B9E00C2128C /* SpringAnimation.swift */; settings = {ASSET_TAGS = (); }; };
		C3259E1C1BA00B9E00C2128C /* SpringButton.swift in Sources */ = {isa = PBXBuildFile; fileRef = C3259DFF1BA00B9E00C2128C /* SpringButton.swift */; settings = {ASSET_TAGS = (); }; };
		C3259E1D1BA00B9E00C2128C /* SpringImageView.swift in Sources */ = {isa = PBXBuildFile; fileRef = C3259E001BA00B9E00C2128C /* SpringImageView.swift */; settings = {ASSET_TAGS = (); }; };
		C3259E1E1BA00B9E00C2128C /* SpringLabel.swift in Sources */ = {isa = PBXBuildFile; fileRef = C3259E011BA00B9E00C2128C /* SpringLabel.swift */; settings = {ASSET_TAGS = (); }; };
		C3259E1F1BA00B9E00C2128C /* SpringTextField.swift in Sources */ = {isa = PBXBuildFile; fileRef = C3259E021BA00B9E00C2128C /* SpringTextField.swift */; settings = {ASSET_TAGS = (); }; };
		C3259E201BA00B9E00C2128C /* SpringTextView.swift in Sources */ = {isa = PBXBuildFile; fileRef = C3259E031BA00B9E00C2128C /* SpringTextView.swift */; settings = {ASSET_TAGS = (); }; };
		C3259E211BA00B9E00C2128C /* SpringView.swift in Sources */ = {isa = PBXBuildFile; fileRef = C3259E041BA00B9E00C2128C /* SpringView.swift */; settings = {ASSET_TAGS = (); }; };
		C3259E221BA00B9E00C2128C /* TransitionManager.swift in Sources */ = {isa = PBXBuildFile; fileRef = C3259E051BA00B9E00C2128C /* TransitionManager.swift */; settings = {ASSET_TAGS = (); }; };
		C3259E231BA00B9E00C2128C /* TransitionZoom.swift in Sources */ = {isa = PBXBuildFile; fileRef = C3259E061BA00B9E00C2128C /* TransitionZoom.swift */; settings = {ASSET_TAGS = (); }; };
		C3259E241BA00B9E00C2128C /* UnwindSegue.swift in Sources */ = {isa = PBXBuildFile; fileRef = C3259E071BA00B9E00C2128C /* UnwindSegue.swift */; settings = {ASSET_TAGS = (); }; };
		C33008311A94A439003A0AEA /* edit.png in Resources */ = {isa = PBXBuildFile; fileRef = C33008281A94A439003A0AEA /* edit.png */; };
		C33008321A94A439003A0AEA /* edit@2x.png in Resources */ = {isa = PBXBuildFile; fileRef = C33008291A94A439003A0AEA /* edit@2x.png */; };
		C33008331A94A439003A0AEA /* edit@3x.png in Resources */ = {isa = PBXBuildFile; fileRef = C330082A1A94A439003A0AEA /* edit@3x.png */; };
		C33008341A94A439003A0AEA /* info.png in Resources */ = {isa = PBXBuildFile; fileRef = C330082B1A94A439003A0AEA /* info.png */; };
		C33008351A94A439003A0AEA /* info@2x.png in Resources */ = {isa = PBXBuildFile; fileRef = C330082C1A94A439003A0AEA /* info@2x.png */; };
		C33008361A94A439003A0AEA /* info@3x.png in Resources */ = {isa = PBXBuildFile; fileRef = C330082D1A94A439003A0AEA /* info@3x.png */; };
		C33008371A94A439003A0AEA /* plus.png in Resources */ = {isa = PBXBuildFile; fileRef = C330082E1A94A439003A0AEA /* plus.png */; };
		C33008381A94A439003A0AEA /* plus@2x.png in Resources */ = {isa = PBXBuildFile; fileRef = C330082F1A94A439003A0AEA /* plus@2x.png */; };
		C33008391A94A439003A0AEA /* plus@3x.png in Resources */ = {isa = PBXBuildFile; fileRef = C33008301A94A439003A0AEA /* plus@3x.png */; };
		C33008431A94AFB7003A0AEA /* delete.png in Resources */ = {isa = PBXBuildFile; fileRef = C33008401A94AFB7003A0AEA /* delete.png */; };
		C33008441A94AFB7003A0AEA /* delete@2x.png in Resources */ = {isa = PBXBuildFile; fileRef = C33008411A94AFB7003A0AEA /* delete@2x.png */; };
		C33008451A94AFB7003A0AEA /* delete@3x.png in Resources */ = {isa = PBXBuildFile; fileRef = C33008421A94AFB7003A0AEA /* delete@3x.png */; };
		C33008491A94B625003A0AEA /* menu.png in Resources */ = {isa = PBXBuildFile; fileRef = C33008461A94B625003A0AEA /* menu.png */; };
		C330084A1A94B625003A0AEA /* menu@2x.png in Resources */ = {isa = PBXBuildFile; fileRef = C33008471A94B625003A0AEA /* menu@2x.png */; };
		C330084B1A94B625003A0AEA /* menu@3x.png in Resources */ = {isa = PBXBuildFile; fileRef = C33008481A94B625003A0AEA /* menu@3x.png */; };
		C330084F1A94B703003A0AEA /* settings.png in Resources */ = {isa = PBXBuildFile; fileRef = C330084C1A94B703003A0AEA /* settings.png */; };
		C33008501A94B703003A0AEA /* settings@2x.png in Resources */ = {isa = PBXBuildFile; fileRef = C330084D1A94B703003A0AEA /* settings@2x.png */; };
		C33008511A94B703003A0AEA /* settings@3x.png in Resources */ = {isa = PBXBuildFile; fileRef = C330084E1A94B703003A0AEA /* settings@3x.png */; };
		C33AA7931B9D9EEB0052EFAF /* ColorUtils.m in Sources */ = {isa = PBXBuildFile; fileRef = C33AA7921B9D9EEB0052EFAF /* ColorUtils.m */; };
		C33EE6F51A675FB300C94E61 /* ZGCountDownTimer.m in Sources */ = {isa = PBXBuildFile; fileRef = C33EE6F41A675FB300C94E61 /* ZGCountDownTimer.m */; };
		C347DD8E1B8F1251006E3F3E /* FLSettingsController.m in Sources */ = {isa = PBXBuildFile; fileRef = C347DD8D1B8F1251006E3F3E /* FLSettingsController.m */; };
		C351141B1B1AEFF7005EB4B3 /* Main.storyboard in Resources */ = {isa = PBXBuildFile; fileRef = C35114191B1AEFF7005EB4B3 /* Main.storyboard */; };
		C3534E221B09A12B0015B626 /* FLColorPicker.m in Sources */ = {isa = PBXBuildFile; fileRef = C3534E211B09A12B0015B626 /* FLColorPicker.m */; };
		C3534E261B09A63E0015B626 /* Checkmark.png in Resources */ = {isa = PBXBuildFile; fileRef = C3534E231B09A63E0015B626 /* Checkmark.png */; };
		C3534E271B09A63E0015B626 /* Checkmark@2x.png in Resources */ = {isa = PBXBuildFile; fileRef = C3534E241B09A63E0015B626 /* Checkmark@2x.png */; };
		C3534E281B09A63E0015B626 /* Checkmark@3x.png in Resources */ = {isa = PBXBuildFile; fileRef = C3534E251B09A63E0015B626 /* Checkmark@3x.png */; };
		C35B335F1A0CBA1500061C40 /* main.m in Sources */ = {isa = PBXBuildFile; fileRef = C35B335E1A0CBA1500061C40 /* main.m */; };
		C35B33621A0CBA1500061C40 /* AppDelegate.m in Sources */ = {isa = PBXBuildFile; fileRef = C35B33611A0CBA1500061C40 /* AppDelegate.m */; };
		C35B33651A0CBA1500061C40 /* Focus8.xcdatamodeld in Sources */ = {isa = PBXBuildFile; fileRef = C35B33631A0CBA1500061C40 /* Focus8.xcdatamodeld */; };
		C35B336D1A0CBA1500061C40 /* Images.xcassets in Resources */ = {isa = PBXBuildFile; fileRef = C35B336C1A0CBA1500061C40 /* Images.xcassets */; };
		C35B33701A0CBA1500061C40 /* LaunchScreen.xib in Resources */ = {isa = PBXBuildFile; fileRef = C35B336E1A0CBA1500061C40 /* LaunchScreen.xib */; };
		C35B337C1A0CBA1500061C40 /* Focus8Tests.m in Sources */ = {isa = PBXBuildFile; fileRef = C35B337B1A0CBA1500061C40 /* Focus8Tests.m */; };
		C35B33871A0CBDF400061C40 /* FLTimerViewController.m in Sources */ = {isa = PBXBuildFile; fileRef = C35B33861A0CBDF400061C40 /* FLTimerViewController.m */; };
		C3616A411AAB021A00C47C8A /* EventTableViewController.m in Sources */ = {isa = PBXBuildFile; fileRef = C3616A401AAB021A00C47C8A /* EventTableViewController.m */; };
		C3616A451AAB434500C47C8A /* archive.png in Resources */ = {isa = PBXBuildFile; fileRef = C3616A421AAB434500C47C8A /* archive.png */; };
		C3616A461AAB434500C47C8A /* archive@2x.png in Resources */ = {isa = PBXBuildFile; fileRef = C3616A431AAB434500C47C8A /* archive@2x.png */; };
		C3616A471AAB434500C47C8A /* archive@3x.png in Resources */ = {isa = PBXBuildFile; fileRef = C3616A441AAB434500C47C8A /* archive@3x.png */; };
		C37567C31BA17E24009DB1D5 /* Task+CoreDataProperties.m in Sources */ = {isa = PBXBuildFile; fileRef = C37567BC1BA17E24009DB1D5 /* Task+CoreDataProperties.m */; settings = {ASSET_TAGS = (); }; };
		C37567C41BA17E24009DB1D5 /* Task.m in Sources */ = {isa = PBXBuildFile; fileRef = C37567BE1BA17E24009DB1D5 /* Task.m */; settings = {ASSET_TAGS = (); }; };
		C37567C51BA17E24009DB1D5 /* Event+CoreDataProperties.m in Sources */ = {isa = PBXBuildFile; fileRef = C37567C01BA17E24009DB1D5 /* Event+CoreDataProperties.m */; settings = {ASSET_TAGS = (); }; };
		C37567C61BA17E24009DB1D5 /* Event.m in Sources */ = {isa = PBXBuildFile; fileRef = C37567C21BA17E24009DB1D5 /* Event.m */; settings = {ASSET_TAGS = (); }; };
		C3A49A3D1B9032D300F7D796 /* FLSoundPickerController.m in Sources */ = {isa = PBXBuildFile; fileRef = C3A49A3C1B9032D300F7D796 /* FLSoundPickerController.m */; };
		C3A49A451B90510900F7D796 /* AudioToolbox.framework in Frameworks */ = {isa = PBXBuildFile; fileRef = C3A49A441B90510900F7D796 /* AudioToolbox.framework */; };
		C3A49A471B92AF6300F7D796 /* AVFoundation.framework in Frameworks */ = {isa = PBXBuildFile; fileRef = C3A49A461B92AF6300F7D796 /* AVFoundation.framework */; };
		C3AF6F091BA3ED8300919243 /* Caribbean.caf in Resources */ = {isa = PBXBuildFile; fileRef = C3AF6F021BA3ED8300919243 /* Caribbean.caf */; settings = {ASSET_TAGS = (); }; };
		C3AF6F0A1BA3ED8300919243 /* Glissful.caf in Resources */ = {isa = PBXBuildFile; fileRef = C3AF6F031BA3ED8300919243 /* Glissful.caf */; settings = {ASSET_TAGS = (); }; };
		C3AF6F0B1BA3ED8300919243 /* None.caf in Resources */ = {isa = PBXBuildFile; fileRef = C3AF6F041BA3ED8300919243 /* None.caf */; settings = {ASSET_TAGS = (); }; };
		C3AF6F0C1BA3ED8300919243 /* Ready.caf in Resources */ = {isa = PBXBuildFile; fileRef = C3AF6F051BA3ED8300919243 /* Ready.caf */; settings = {ASSET_TAGS = (); }; };
		C3AF6F0D1BA3ED8300919243 /* RingRing.caf in Resources */ = {isa = PBXBuildFile; fileRef = C3AF6F061BA3ED8300919243 /* RingRing.caf */; settings = {ASSET_TAGS = (); }; };
		C3AF6F0E1BA3ED8300919243 /* RobotsRattle.caf in Resources */ = {isa = PBXBuildFile; fileRef = C3AF6F071BA3ED8300919243 /* RobotsRattle.caf */; settings = {ASSET_TAGS = (); }; };
		C3AF6F0F1BA3ED8300919243 /* Woodpecker.caf in Resources */ = {isa = PBXBuildFile; fileRef = C3AF6F081BA3ED8300919243 /* Woodpecker.caf */; settings = {ASSET_TAGS = (); }; };
		C3B348711BAB0B59002BD3F4 /* Play@1x.png in Resources */ = {isa = PBXBuildFile; fileRef = C3B3486E1BAB0B59002BD3F4 /* Play@1x.png */; settings = {ASSET_TAGS = (); }; };
		C3B348721BAB0B59002BD3F4 /* Play@2x.png in Resources */ = {isa = PBXBuildFile; fileRef = C3B3486F1BAB0B59002BD3F4 /* Play@2x.png */; settings = {ASSET_TAGS = (); }; };
		C3B348731BAB0B59002BD3F4 /* Play@3x.png in Resources */ = {isa = PBXBuildFile; fileRef = C3B348701BAB0B59002BD3F4 /* Play@3x.png */; settings = {ASSET_TAGS = (); }; };
		C3B6FAB61B0DA8920052B7E5 /* PauseFilled.png in Resources */ = {isa = PBXBuildFile; fileRef = C3B6FAB31B0DA8920052B7E5 /* PauseFilled.png */; };
		C3B6FAB71B0DA8920052B7E5 /* PauseFilled@2x.png in Resources */ = {isa = PBXBuildFile; fileRef = C3B6FAB41B0DA8920052B7E5 /* PauseFilled@2x.png */; };
		C3B6FAB81B0DA8920052B7E5 /* PauseFilled@3x.png in Resources */ = {isa = PBXBuildFile; fileRef = C3B6FAB51B0DA8920052B7E5 /* PauseFilled@3x.png */; };
		C3B6FABC1B0DA8A30052B7E5 /* PlayFilled.png in Resources */ = {isa = PBXBuildFile; fileRef = C3B6FAB91B0DA8A30052B7E5 /* PlayFilled.png */; };
		C3B6FABD1B0DA8A30052B7E5 /* PlayFilled@2x.png in Resources */ = {isa = PBXBuildFile; fileRef = C3B6FABA1B0DA8A30052B7E5 /* PlayFilled@2x.png */; };
		C3B6FABE1B0DA8A30052B7E5 /* PlayFilled@3x.png in Resources */ = {isa = PBXBuildFile; fileRef = C3B6FABB1B0DA8A30052B7E5 /* PlayFilled@3x.png */; };
		C3B6FAC21B0DA8BB0052B7E5 /* SkipFilled.png in Resources */ = {isa = PBXBuildFile; fileRef = C3B6FABF1B0DA8BB0052B7E5 /* SkipFilled.png */; };
		C3B6FAC31B0DA8BB0052B7E5 /* SkipFilled@2x.png in Resources */ = {isa = PBXBuildFile; fileRef = C3B6FAC01B0DA8BB0052B7E5 /* SkipFilled@2x.png */; };
		C3B6FAC41B0DA8BB0052B7E5 /* SkipFilled@3x.png in Resources */ = {isa = PBXBuildFile; fileRef = C3B6FAC11B0DA8BB0052B7E5 /* SkipFilled@3x.png */; };
		C3B6FAC81B0DA8C50052B7E5 /* StopFilled.png in Resources */ = {isa = PBXBuildFile; fileRef = C3B6FAC51B0DA8C50052B7E5 /* StopFilled.png */; };
		C3B6FAC91B0DA8C50052B7E5 /* StopFilled@2x.png in Resources */ = {isa = PBXBuildFile; fileRef = C3B6FAC61B0DA8C50052B7E5 /* StopFilled@2x.png */; };
		C3B6FACA1B0DA8C50052B7E5 /* StopFilled@3x.png in Resources */ = {isa = PBXBuildFile; fileRef = C3B6FAC71B0DA8C50052B7E5 /* StopFilled@3x.png */; };
		C3BB41641B078C4D00A83016 /* UIColor+FlatColors.m in Sources */ = {isa = PBXBuildFile; fileRef = C3BB41631B078C4D00A83016 /* UIColor+FlatColors.m */; };
		C3D1B6171B47D7660003419B /* FLBreakDelayPickerController.m in Sources */ = {isa = PBXBuildFile; fileRef = C3D1B6161B47D7660003419B /* FLBreakDelayPickerController.m */; };
		C3D1B61A1B4841320003419B /* FLSessionCountPickerController.m in Sources */ = {isa = PBXBuildFile; fileRef = C3D1B6191B4841320003419B /* FLSessionCountPickerController.m */; };
		C3D680871B3838D900C08860 /* FLReminderPickerController.m in Sources */ = {isa = PBXBuildFile; fileRef = C3D680861B3838D900C08860 /* FLReminderPickerController.m */; };
		C3D6808B1B3BBC6300C08860 /* FLTimingPickerController.m in Sources */ = {isa = PBXBuildFile; fileRef = C3D6808A1B3BBC6300C08860 /* FLTimingPickerController.m */; };
		C3EA01F31B0A27DF00C321BF /* FLColorCell.m in Sources */ = {isa = PBXBuildFile; fileRef = C3EA01F21B0A27DF00C321BF /* FLColorCell.m */; };
		C3EA01F71B0CE3EE00C321BF /* FLTaskCell.m in Sources */ = {isa = PBXBuildFile; fileRef = C3EA01F61B0CE3EE00C321BF /* FLTaskCell.m */; };
		C3EFAEA21A13462D003D641C /* FLEditTaskController.m in Sources */ = {isa = PBXBuildFile; fileRef = C3EFAEA11A13462D003D641C /* FLEditTaskController.m */; };
		D47D80DDBE58ED9BF22F172C /* libPods.a in Frameworks */ = {isa = PBXBuildFile; fileRef = 78E09210CA49F9208CF4B91D /* libPods.a */; };
/* End PBXBuildFile section */

/* Begin PBXContainerItemProxy section */
		C35B33761A0CBA1500061C40 /* PBXContainerItemProxy */ = {
			isa = PBXContainerItemProxy;
			containerPortal = C35B33511A0CBA1500061C40 /* Project object */;
			proxyType = 1;
			remoteGlobalIDString = C35B33581A0CBA1500061C40;
			remoteInfo = Focus8;
		};
/* End PBXContainerItemProxy section */

/* Begin PBXFileReference section */
		56A3ED0E1FE9BABFAC03563B /* Pods.debug.xcconfig */ = {isa = PBXFileReference; includeInIndex = 1; lastKnownFileType = text.xcconfig; name = Pods.debug.xcconfig; path = "Pods/Target Support Files/Pods/Pods.debug.xcconfig"; sourceTree = "<group>"; };
		78E09210CA49F9208CF4B91D /* libPods.a */ = {isa = PBXFileReference; explicitFileType = archive.ar; includeInIndex = 0; path = libPods.a; sourceTree = BUILT_PRODUCTS_DIR; };
		C3259DEA1BA00B9E00C2128C /* AsyncButton.swift */ = {isa = PBXFileReference; fileEncoding = 4; lastKnownFileType = sourcecode.swift; path = AsyncButton.swift; sourceTree = "<group>"; };
		C3259DEB1BA00B9E00C2128C /* AsyncImageView.swift */ = {isa = PBXFileReference; fileEncoding = 4; lastKnownFileType = sourcecode.swift; path = AsyncImageView.swift; sourceTree = "<group>"; };
		C3259DEC1BA00B9E00C2128C /* AutoTextView.swift */ = {isa = PBXFileReference; fileEncoding = 4; lastKnownFileType = sourcecode.swift; path = AutoTextView.swift; sourceTree = "<group>"; };
		C3259DED1BA00B9E00C2128C /* BlurView.swift */ = {isa = PBXFileReference; fileEncoding = 4; lastKnownFileType = sourcecode.swift; path = BlurView.swift; sourceTree = "<group>"; };
		C3259DEE1BA00B9E00C2128C /* DesignableButton.swift */ = {isa = PBXFileReference; fileEncoding = 4; lastKnownFileType = sourcecode.swift; path = DesignableButton.swift; sourceTree = "<group>"; };
		C3259DEF1BA00B9E00C2128C /* DesignableImageView.swift */ = {isa = PBXFileReference; fileEncoding = 4; lastKnownFileType = sourcecode.swift; path = DesignableImageView.swift; sourceTree = "<group>"; };
		C3259DF01BA00B9E00C2128C /* DesignableLabel.swift */ = {isa = PBXFileReference; fileEncoding = 4; lastKnownFileType = sourcecode.swift; path = DesignableLabel.swift; sourceTree = "<group>"; };
		C3259DF11BA00B9E00C2128C /* DesignableTabBarController.swift */ = {isa = PBXFileReference; fileEncoding = 4; lastKnownFileType = sourcecode.swift; path = DesignableTabBarController.swift; sourceTree = "<group>"; };
		C3259DF21BA00B9E00C2128C /* DesignableTextField.swift */ = {isa = PBXFileReference; fileEncoding = 4; lastKnownFileType = sourcecode.swift; path = DesignableTextField.swift; sourceTree = "<group>"; };
		C3259DF31BA00B9E00C2128C /* DesignableTextView.swift */ = {isa = PBXFileReference; fileEncoding = 4; lastKnownFileType = sourcecode.swift; path = DesignableTextView.swift; sourceTree = "<group>"; };
		C3259DF41BA00B9E00C2128C /* DesignableView.swift */ = {isa = PBXFileReference; fileEncoding = 4; lastKnownFileType = sourcecode.swift; path = DesignableView.swift; sourceTree = "<group>"; };
		C3259DF51BA00B9E00C2128C /* ImageLoader.swift */ = {isa = PBXFileReference; fileEncoding = 4; lastKnownFileType = sourcecode.swift; path = ImageLoader.swift; sourceTree = "<group>"; };
		C3259DF61BA00B9E00C2128C /* Info.plist */ = {isa = PBXFileReference; fileEncoding = 4; lastKnownFileType = text.plist.xml; path = Info.plist; sourceTree = "<group>"; };
		C3259DF71BA00B9E00C2128C /* KeyboardLayoutConstraint.swift */ = {isa = PBXFileReference; fileEncoding = 4; lastKnownFileType = sourcecode.swift; path = KeyboardLayoutConstraint.swift; sourceTree = "<group>"; };
		C3259DF81BA00B9E00C2128C /* LoadingView.swift */ = {isa = PBXFileReference; fileEncoding = 4; lastKnownFileType = sourcecode.swift; path = LoadingView.swift; sourceTree = "<group>"; };
		C3259DF91BA00B9E00C2128C /* LoadingView.xib */ = {isa = PBXFileReference; fileEncoding = 4; lastKnownFileType = file.xib; path = LoadingView.xib; sourceTree = "<group>"; };
		C3259DFA1BA00B9E00C2128C /* Misc.swift */ = {isa = PBXFileReference; fileEncoding = 4; lastKnownFileType = sourcecode.swift; path = Misc.swift; sourceTree = "<group>"; };
		C3259DFB1BA00B9E00C2128C /* SoundPlayer.swift */ = {isa = PBXFileReference; fileEncoding = 4; lastKnownFileType = sourcecode.swift; path = SoundPlayer.swift; sourceTree = "<group>"; };
		C3259DFC1BA00B9E00C2128C /* Spring.h */ = {isa = PBXFileReference; fileEncoding = 4; lastKnownFileType = sourcecode.c.h; path = Spring.h; sourceTree = "<group>"; };
		C3259DFD1BA00B9E00C2128C /* Spring.swift */ = {isa = PBXFileReference; fileEncoding = 4; lastKnownFileType = sourcecode.swift; path = Spring.swift; sourceTree = "<group>"; };
		C3259DFE1BA00B9E00C2128C /* SpringAnimation.swift */ = {isa = PBXFileReference; fileEncoding = 4; lastKnownFileType = sourcecode.swift; path = SpringAnimation.swift; sourceTree = "<group>"; };
		C3259DFF1BA00B9E00C2128C /* SpringButton.swift */ = {isa = PBXFileReference; fileEncoding = 4; lastKnownFileType = sourcecode.swift; path = SpringButton.swift; sourceTree = "<group>"; };
		C3259E001BA00B9E00C2128C /* SpringImageView.swift */ = {isa = PBXFileReference; fileEncoding = 4; lastKnownFileType = sourcecode.swift; path = SpringImageView.swift; sourceTree = "<group>"; };
		C3259E011BA00B9E00C2128C /* SpringLabel.swift */ = {isa = PBXFileReference; fileEncoding = 4; lastKnownFileType = sourcecode.swift; path = SpringLabel.swift; sourceTree = "<group>"; };
		C3259E021BA00B9E00C2128C /* SpringTextField.swift */ = {isa = PBXFileReference; fileEncoding = 4; lastKnownFileType = sourcecode.swift; path = SpringTextField.swift; sourceTree = "<group>"; };
		C3259E031BA00B9E00C2128C /* SpringTextView.swift */ = {isa = PBXFileReference; fileEncoding = 4; lastKnownFileType = sourcecode.swift; path = SpringTextView.swift; sourceTree = "<group>"; };
		C3259E041BA00B9E00C2128C /* SpringView.swift */ = {isa = PBXFileReference; fileEncoding = 4; lastKnownFileType = sourcecode.swift; path = SpringView.swift; sourceTree = "<group>"; };
		C3259E051BA00B9E00C2128C /* TransitionManager.swift */ = {isa = PBXFileReference; fileEncoding = 4; lastKnownFileType = sourcecode.swift; path = TransitionManager.swift; sourceTree = "<group>"; };
		C3259E061BA00B9E00C2128C /* TransitionZoom.swift */ = {isa = PBXFileReference; fileEncoding = 4; lastKnownFileType = sourcecode.swift; path = TransitionZoom.swift; sourceTree = "<group>"; };
		C3259E071BA00B9E00C2128C /* UnwindSegue.swift */ = {isa = PBXFileReference; fileEncoding = 4; lastKnownFileType = sourcecode.swift; path = UnwindSegue.swift; sourceTree = "<group>"; };
		C33008281A94A439003A0AEA /* edit.png */ = {isa = PBXFileReference; lastKnownFileType = image.png; path = edit.png; sourceTree = "<group>"; };
		C33008291A94A439003A0AEA /* edit@2x.png */ = {isa = PBXFileReference; lastKnownFileType = image.png; path = "edit@2x.png"; sourceTree = "<group>"; };
		C330082A1A94A439003A0AEA /* edit@3x.png */ = {isa = PBXFileReference; lastKnownFileType = image.png; path = "edit@3x.png"; sourceTree = "<group>"; };
		C330082B1A94A439003A0AEA /* info.png */ = {isa = PBXFileReference; lastKnownFileType = image.png; path = info.png; sourceTree = "<group>"; };
		C330082C1A94A439003A0AEA /* info@2x.png */ = {isa = PBXFileReference; lastKnownFileType = image.png; path = "info@2x.png"; sourceTree = "<group>"; };
		C330082D1A94A439003A0AEA /* info@3x.png */ = {isa = PBXFileReference; lastKnownFileType = image.png; path = "info@3x.png"; sourceTree = "<group>"; };
		C330082E1A94A439003A0AEA /* plus.png */ = {isa = PBXFileReference; lastKnownFileType = image.png; path = plus.png; sourceTree = "<group>"; };
		C330082F1A94A439003A0AEA /* plus@2x.png */ = {isa = PBXFileReference; lastKnownFileType = image.png; path = "plus@2x.png"; sourceTree = "<group>"; };
		C33008301A94A439003A0AEA /* plus@3x.png */ = {isa = PBXFileReference; lastKnownFileType = image.png; path = "plus@3x.png"; sourceTree = "<group>"; };
		C33008401A94AFB7003A0AEA /* delete.png */ = {isa = PBXFileReference; lastKnownFileType = image.png; path = delete.png; sourceTree = "<group>"; };
		C33008411A94AFB7003A0AEA /* delete@2x.png */ = {isa = PBXFileReference; lastKnownFileType = image.png; path = "delete@2x.png"; sourceTree = "<group>"; };
		C33008421A94AFB7003A0AEA /* delete@3x.png */ = {isa = PBXFileReference; lastKnownFileType = image.png; path = "delete@3x.png"; sourceTree = "<group>"; };
		C33008461A94B625003A0AEA /* menu.png */ = {isa = PBXFileReference; lastKnownFileType = image.png; path = menu.png; sourceTree = "<group>"; };
		C33008471A94B625003A0AEA /* menu@2x.png */ = {isa = PBXFileReference; lastKnownFileType = image.png; path = "menu@2x.png"; sourceTree = "<group>"; };
		C33008481A94B625003A0AEA /* menu@3x.png */ = {isa = PBXFileReference; lastKnownFileType = image.png; path = "menu@3x.png"; sourceTree = "<group>"; };
		C330084C1A94B703003A0AEA /* settings.png */ = {isa = PBXFileReference; lastKnownFileType = image.png; path = settings.png; sourceTree = "<group>"; };
		C330084D1A94B703003A0AEA /* settings@2x.png */ = {isa = PBXFileReference; lastKnownFileType = image.png; path = "settings@2x.png"; sourceTree = "<group>"; };
		C330084E1A94B703003A0AEA /* settings@3x.png */ = {isa = PBXFileReference; lastKnownFileType = image.png; path = "settings@3x.png"; sourceTree = "<group>"; };
		C33AA7911B9D9EEB0052EFAF /* ColorUtils.h */ = {isa = PBXFileReference; fileEncoding = 4; lastKnownFileType = sourcecode.c.h; path = ColorUtils.h; sourceTree = "<group>"; };
		C33AA7921B9D9EEB0052EFAF /* ColorUtils.m */ = {isa = PBXFileReference; fileEncoding = 4; lastKnownFileType = sourcecode.c.objc; path = ColorUtils.m; sourceTree = "<group>"; };
		C33EE6F31A675FB300C94E61 /* ZGCountDownTimer.h */ = {isa = PBXFileReference; fileEncoding = 4; lastKnownFileType = sourcecode.c.h; path = ZGCountDownTimer.h; sourceTree = "<group>"; };
		C33EE6F41A675FB300C94E61 /* ZGCountDownTimer.m */ = {isa = PBXFileReference; fileEncoding = 4; lastKnownFileType = sourcecode.c.objc; path = ZGCountDownTimer.m; sourceTree = "<group>"; };
		C347DD8C1B8F1251006E3F3E /* FLSettingsController.h */ = {isa = PBXFileReference; fileEncoding = 4; lastKnownFileType = sourcecode.c.h; path = FLSettingsController.h; sourceTree = "<group>"; };
		C347DD8D1B8F1251006E3F3E /* FLSettingsController.m */ = {isa = PBXFileReference; fileEncoding = 4; lastKnownFileType = sourcecode.c.objc; path = FLSettingsController.m; sourceTree = "<group>"; };
		C351141A1B1AEFF7005EB4B3 /* Base */ = {isa = PBXFileReference; lastKnownFileType = file.storyboard; name = Base; path = Base.lproj/Main.storyboard; sourceTree = "<group>"; };
		C3534E201B09A12B0015B626 /* FLColorPicker.h */ = {isa = PBXFileReference; fileEncoding = 4; lastKnownFileType = sourcecode.c.h; path = FLColorPicker.h; sourceTree = "<group>"; };
		C3534E211B09A12B0015B626 /* FLColorPicker.m */ = {isa = PBXFileReference; fileEncoding = 4; lastKnownFileType = sourcecode.c.objc; path = FLColorPicker.m; sourceTree = "<group>"; };
		C3534E231B09A63E0015B626 /* Checkmark.png */ = {isa = PBXFileReference; lastKnownFileType = image.png; path = Checkmark.png; sourceTree = "<group>"; };
		C3534E241B09A63E0015B626 /* Checkmark@2x.png */ = {isa = PBXFileReference; lastKnownFileType = image.png; path = "Checkmark@2x.png"; sourceTree = "<group>"; };
		C3534E251B09A63E0015B626 /* Checkmark@3x.png */ = {isa = PBXFileReference; lastKnownFileType = image.png; path = "Checkmark@3x.png"; sourceTree = "<group>"; };
		C35B33591A0CBA1500061C40 /* Focus8.app */ = {isa = PBXFileReference; explicitFileType = wrapper.application; includeInIndex = 0; path = Focus8.app; sourceTree = BUILT_PRODUCTS_DIR; };
		C35B335D1A0CBA1500061C40 /* Info.plist */ = {isa = PBXFileReference; lastKnownFileType = text.plist.xml; path = Info.plist; sourceTree = "<group>"; };
		C35B335E1A0CBA1500061C40 /* main.m */ = {isa = PBXFileReference; lastKnownFileType = sourcecode.c.objc; path = main.m; sourceTree = "<group>"; };
		C35B33601A0CBA1500061C40 /* AppDelegate.h */ = {isa = PBXFileReference; lastKnownFileType = sourcecode.c.h; path = AppDelegate.h; sourceTree = "<group>"; };
		C35B33611A0CBA1500061C40 /* AppDelegate.m */ = {isa = PBXFileReference; lastKnownFileType = sourcecode.c.objc; path = AppDelegate.m; sourceTree = "<group>"; };
		C35B33641A0CBA1500061C40 /* Focus8.xcdatamodel */ = {isa = PBXFileReference; lastKnownFileType = wrapper.xcdatamodel; path = Focus8.xcdatamodel; sourceTree = "<group>"; };
		C35B336C1A0CBA1500061C40 /* Images.xcassets */ = {isa = PBXFileReference; lastKnownFileType = folder.assetcatalog; path = Images.xcassets; sourceTree = "<group>"; };
		C35B336F1A0CBA1500061C40 /* Base */ = {isa = PBXFileReference; lastKnownFileType = file.xib; name = Base; path = Base.lproj/LaunchScreen.xib; sourceTree = "<group>"; };
		C35B33751A0CBA1500061C40 /* Focus8Tests.xctest */ = {isa = PBXFileReference; explicitFileType = wrapper.cfbundle; includeInIndex = 0; path = Focus8Tests.xctest; sourceTree = BUILT_PRODUCTS_DIR; };
		C35B337A1A0CBA1500061C40 /* Info.plist */ = {isa = PBXFileReference; lastKnownFileType = text.plist.xml; path = Info.plist; sourceTree = "<group>"; };
		C35B337B1A0CBA1500061C40 /* Focus8Tests.m */ = {isa = PBXFileReference; lastKnownFileType = sourcecode.c.objc; path = Focus8Tests.m; sourceTree = "<group>"; };
		C35B33851A0CBDF400061C40 /* FLTimerViewController.h */ = {isa = PBXFileReference; fileEncoding = 4; lastKnownFileType = sourcecode.c.h; path = FLTimerViewController.h; sourceTree = "<group>"; };
		C35B33861A0CBDF400061C40 /* FLTimerViewController.m */ = {isa = PBXFileReference; fileEncoding = 4; lastKnownFileType = sourcecode.c.objc; path = FLTimerViewController.m; sourceTree = "<group>"; };
		C3616A3F1AAB021A00C47C8A /* EventTableViewController.h */ = {isa = PBXFileReference; fileEncoding = 4; lastKnownFileType = sourcecode.c.h; path = EventTableViewController.h; sourceTree = "<group>"; };
		C3616A401AAB021A00C47C8A /* EventTableViewController.m */ = {isa = PBXFileReference; fileEncoding = 4; lastKnownFileType = sourcecode.c.objc; path = EventTableViewController.m; sourceTree = "<group>"; };
		C3616A421AAB434500C47C8A /* archive.png */ = {isa = PBXFileReference; lastKnownFileType = image.png; path = archive.png; sourceTree = "<group>"; };
		C3616A431AAB434500C47C8A /* archive@2x.png */ = {isa = PBXFileReference; lastKnownFileType = image.png; path = "archive@2x.png"; sourceTree = "<group>"; };
		C3616A441AAB434500C47C8A /* archive@3x.png */ = {isa = PBXFileReference; lastKnownFileType = image.png; path = "archive@3x.png"; sourceTree = "<group>"; };
		C37567BB1BA17E24009DB1D5 /* Task+CoreDataProperties.h */ = {isa = PBXFileReference; fileEncoding = 4; lastKnownFileType = sourcecode.c.h; path = "Task+CoreDataProperties.h"; sourceTree = "<group>"; };
		C37567BC1BA17E24009DB1D5 /* Task+CoreDataProperties.m */ = {isa = PBXFileReference; fileEncoding = 4; lastKnownFileType = sourcecode.c.objc; path = "Task+CoreDataProperties.m"; sourceTree = "<group>"; };
		C37567BD1BA17E24009DB1D5 /* Task.h */ = {isa = PBXFileReference; fileEncoding = 4; lastKnownFileType = sourcecode.c.h; path = Task.h; sourceTree = "<group>"; };
		C37567BE1BA17E24009DB1D5 /* Task.m */ = {isa = PBXFileReference; fileEncoding = 4; lastKnownFileType = sourcecode.c.objc; path = Task.m; sourceTree = "<group>"; };
		C37567BF1BA17E24009DB1D5 /* Event+CoreDataProperties.h */ = {isa = PBXFileReference; fileEncoding = 4; lastKnownFileType = sourcecode.c.h; path = "Event+CoreDataProperties.h"; sourceTree = "<group>"; };
		C37567C01BA17E24009DB1D5 /* Event+CoreDataProperties.m */ = {isa = PBXFileReference; fileEncoding = 4; lastKnownFileType = sourcecode.c.objc; path = "Event+CoreDataProperties.m"; sourceTree = "<group>"; };
		C37567C11BA17E24009DB1D5 /* Event.h */ = {isa = PBXFileReference; fileEncoding = 4; lastKnownFileType = sourcecode.c.h; path = Event.h; sourceTree = "<group>"; };
		C37567C21BA17E24009DB1D5 /* Event.m */ = {isa = PBXFileReference; fileEncoding = 4; lastKnownFileType = sourcecode.c.objc; path = Event.m; sourceTree = "<group>"; };
		C3A103861A2AD52800B1F6BD /* Focus8-Prefix.pch */ = {isa = PBXFileReference; lastKnownFileType = sourcecode.c.h; path = "Focus8-Prefix.pch"; sourceTree = "<group>"; };
		C3A49A3B1B9032D300F7D796 /* FLSoundPickerController.h */ = {isa = PBXFileReference; fileEncoding = 4; lastKnownFileType = sourcecode.c.h; path = FLSoundPickerController.h; sourceTree = "<group>"; };
		C3A49A3C1B9032D300F7D796 /* FLSoundPickerController.m */ = {isa = PBXFileReference; fileEncoding = 4; lastKnownFileType = sourcecode.c.objc; path = FLSoundPickerController.m; sourceTree = "<group>"; };
		C3A49A441B90510900F7D796 /* AudioToolbox.framework */ = {isa = PBXFileReference; lastKnownFileType = wrapper.framework; name = AudioToolbox.framework; path = System/Library/Frameworks/AudioToolbox.framework; sourceTree = SDKROOT; };
		C3A49A461B92AF6300F7D796 /* AVFoundation.framework */ = {isa = PBXFileReference; lastKnownFileType = wrapper.framework; name = AVFoundation.framework; path = System/Library/Frameworks/AVFoundation.framework; sourceTree = SDKROOT; };
		C3AF6F021BA3ED8300919243 /* Caribbean.caf */ = {isa = PBXFileReference; lastKnownFileType = file; path = Caribbean.caf; sourceTree = "<group>"; };
		C3AF6F031BA3ED8300919243 /* Glissful.caf */ = {isa = PBXFileReference; lastKnownFileType = file; path = Glissful.caf; sourceTree = "<group>"; };
		C3AF6F041BA3ED8300919243 /* None.caf */ = {isa = PBXFileReference; lastKnownFileType = file; path = None.caf; sourceTree = "<group>"; };
		C3AF6F051BA3ED8300919243 /* Ready.caf */ = {isa = PBXFileReference; lastKnownFileType = file; path = Ready.caf; sourceTree = "<group>"; };
		C3AF6F061BA3ED8300919243 /* RingRing.caf */ = {isa = PBXFileReference; lastKnownFileType = file; path = RingRing.caf; sourceTree = "<group>"; };
		C3AF6F071BA3ED8300919243 /* RobotsRattle.caf */ = {isa = PBXFileReference; lastKnownFileType = file; path = RobotsRattle.caf; sourceTree = "<group>"; };
		C3AF6F081BA3ED8300919243 /* Woodpecker.caf */ = {isa = PBXFileReference; lastKnownFileType = file; path = Woodpecker.caf; sourceTree = "<group>"; };
		C3B3486E1BAB0B59002BD3F4 /* Play@1x.png */ = {isa = PBXFileReference; lastKnownFileType = image.png; path = "Play@1x.png"; sourceTree = "<group>"; };
		C3B3486F1BAB0B59002BD3F4 /* Play@2x.png */ = {isa = PBXFileReference; lastKnownFileType = image.png; path = "Play@2x.png"; sourceTree = "<group>"; };
		C3B348701BAB0B59002BD3F4 /* Play@3x.png */ = {isa = PBXFileReference; lastKnownFileType = image.png; path = "Play@3x.png"; sourceTree = "<group>"; };
		C3B6FAB31B0DA8920052B7E5 /* PauseFilled.png */ = {isa = PBXFileReference; lastKnownFileType = image.png; path = PauseFilled.png; sourceTree = "<group>"; };
		C3B6FAB41B0DA8920052B7E5 /* PauseFilled@2x.png */ = {isa = PBXFileReference; lastKnownFileType = image.png; path = "PauseFilled@2x.png"; sourceTree = "<group>"; };
		C3B6FAB51B0DA8920052B7E5 /* PauseFilled@3x.png */ = {isa = PBXFileReference; lastKnownFileType = image.png; path = "PauseFilled@3x.png"; sourceTree = "<group>"; };
		C3B6FAB91B0DA8A30052B7E5 /* PlayFilled.png */ = {isa = PBXFileReference; lastKnownFileType = image.png; path = PlayFilled.png; sourceTree = "<group>"; };
		C3B6FABA1B0DA8A30052B7E5 /* PlayFilled@2x.png */ = {isa = PBXFileReference; lastKnownFileType = image.png; path = "PlayFilled@2x.png"; sourceTree = "<group>"; };
		C3B6FABB1B0DA8A30052B7E5 /* PlayFilled@3x.png */ = {isa = PBXFileReference; lastKnownFileType = image.png; path = "PlayFilled@3x.png"; sourceTree = "<group>"; };
		C3B6FABF1B0DA8BB0052B7E5 /* SkipFilled.png */ = {isa = PBXFileReference; lastKnownFileType = image.png; path = SkipFilled.png; sourceTree = "<group>"; };
		C3B6FAC01B0DA8BB0052B7E5 /* SkipFilled@2x.png */ = {isa = PBXFileReference; lastKnownFileType = image.png; path = "SkipFilled@2x.png"; sourceTree = "<group>"; };
		C3B6FAC11B0DA8BB0052B7E5 /* SkipFilled@3x.png */ = {isa = PBXFileReference; lastKnownFileType = image.png; path = "SkipFilled@3x.png"; sourceTree = "<group>"; };
		C3B6FAC51B0DA8C50052B7E5 /* StopFilled.png */ = {isa = PBXFileReference; lastKnownFileType = image.png; path = StopFilled.png; sourceTree = "<group>"; };
		C3B6FAC61B0DA8C50052B7E5 /* StopFilled@2x.png */ = {isa = PBXFileReference; lastKnownFileType = image.png; path = "StopFilled@2x.png"; sourceTree = "<group>"; };
		C3B6FAC71B0DA8C50052B7E5 /* StopFilled@3x.png */ = {isa = PBXFileReference; lastKnownFileType = image.png; path = "StopFilled@3x.png"; sourceTree = "<group>"; };
		C3BB41621B078C4D00A83016 /* UIColor+FlatColors.h */ = {isa = PBXFileReference; fileEncoding = 4; lastKnownFileType = sourcecode.c.h; path = "UIColor+FlatColors.h"; sourceTree = "<group>"; };
		C3BB41631B078C4D00A83016 /* UIColor+FlatColors.m */ = {isa = PBXFileReference; fileEncoding = 4; lastKnownFileType = sourcecode.c.objc; path = "UIColor+FlatColors.m"; sourceTree = "<group>"; };
		C3D1B6151B47D7660003419B /* FLBreakDelayPickerController.h */ = {isa = PBXFileReference; fileEncoding = 4; lastKnownFileType = sourcecode.c.h; path = FLBreakDelayPickerController.h; sourceTree = "<group>"; };
		C3D1B6161B47D7660003419B /* FLBreakDelayPickerController.m */ = {isa = PBXFileReference; fileEncoding = 4; lastKnownFileType = sourcecode.c.objc; path = FLBreakDelayPickerController.m; sourceTree = "<group>"; };
		C3D1B6181B4841320003419B /* FLSessionCountPickerController.h */ = {isa = PBXFileReference; fileEncoding = 4; lastKnownFileType = sourcecode.c.h; path = FLSessionCountPickerController.h; sourceTree = "<group>"; };
		C3D1B6191B4841320003419B /* FLSessionCountPickerController.m */ = {isa = PBXFileReference; fileEncoding = 4; lastKnownFileType = sourcecode.c.objc; path = FLSessionCountPickerController.m; sourceTree = "<group>"; };
		C3D680851B3838D900C08860 /* FLReminderPickerController.h */ = {isa = PBXFileReference; fileEncoding = 4; lastKnownFileType = sourcecode.c.h; path = FLReminderPickerController.h; sourceTree = "<group>"; };
		C3D680861B3838D900C08860 /* FLReminderPickerController.m */ = {isa = PBXFileReference; fileEncoding = 4; lastKnownFileType = sourcecode.c.objc; path = FLReminderPickerController.m; sourceTree = "<group>"; };
		C3D680891B3BBC6300C08860 /* FLTimingPickerController.h */ = {isa = PBXFileReference; fileEncoding = 4; lastKnownFileType = sourcecode.c.h; path = FLTimingPickerController.h; sourceTree = "<group>"; };
		C3D6808A1B3BBC6300C08860 /* FLTimingPickerController.m */ = {isa = PBXFileReference; fileEncoding = 4; lastKnownFileType = sourcecode.c.objc; path = FLTimingPickerController.m; sourceTree = "<group>"; };
		C3E9B5DB1AF8897900F56963 /* Focus8-Bridging-Header.h */ = {isa = PBXFileReference; lastKnownFileType = sourcecode.c.h; path = "Focus8-Bridging-Header.h"; sourceTree = "<group>"; };
		C3EA01F11B0A27DF00C321BF /* FLColorCell.h */ = {isa = PBXFileReference; fileEncoding = 4; lastKnownFileType = sourcecode.c.h; path = FLColorCell.h; sourceTree = "<group>"; };
		C3EA01F21B0A27DF00C321BF /* FLColorCell.m */ = {isa = PBXFileReference; fileEncoding = 4; lastKnownFileType = sourcecode.c.objc; path = FLColorCell.m; sourceTree = "<group>"; };
		C3EA01F51B0CE3EE00C321BF /* FLTaskCell.h */ = {isa = PBXFileReference; fileEncoding = 4; lastKnownFileType = sourcecode.c.h; path = FLTaskCell.h; sourceTree = "<group>"; };
		C3EA01F61B0CE3EE00C321BF /* FLTaskCell.m */ = {isa = PBXFileReference; fileEncoding = 4; lastKnownFileType = sourcecode.c.objc; path = FLTaskCell.m; sourceTree = "<group>"; };
		C3EFAEA01A13462D003D641C /* FLEditTaskController.h */ = {isa = PBXFileReference; fileEncoding = 4; lastKnownFileType = sourcecode.c.h; path = FLEditTaskController.h; sourceTree = "<group>"; };
		C3EFAEA11A13462D003D641C /* FLEditTaskController.m */ = {isa = PBXFileReference; fileEncoding = 4; lastKnownFileType = sourcecode.c.objc; path = FLEditTaskController.m; sourceTree = "<group>"; };
		FF6F532B5432F27442F9C513 /* Pods.release.xcconfig */ = {isa = PBXFileReference; includeInIndex = 1; lastKnownFileType = text.xcconfig; name = Pods.release.xcconfig; path = "Pods/Target Support Files/Pods/Pods.release.xcconfig"; sourceTree = "<group>"; };
/* End PBXFileReference section */

/* Begin PBXFrameworksBuildPhase section */
		C35B33561A0CBA1500061C40 /* Frameworks */ = {
			isa = PBXFrameworksBuildPhase;
			buildActionMask = 2147483647;
			files = (
				C3A49A471B92AF6300F7D796 /* AVFoundation.framework in Frameworks */,
				C3A49A451B90510900F7D796 /* AudioToolbox.framework in Frameworks */,
				D47D80DDBE58ED9BF22F172C /* libPods.a in Frameworks */,
			);
			runOnlyForDeploymentPostprocessing = 0;
		};
		C35B33721A0CBA1500061C40 /* Frameworks */ = {
			isa = PBXFrameworksBuildPhase;
			buildActionMask = 2147483647;
			files = (
			);
			runOnlyForDeploymentPostprocessing = 0;
		};
/* End PBXFrameworksBuildPhase section */

/* Begin PBXGroup section */
		A6D9FEBE3EEE0420823F1CC7 /* Pods */ = {
			isa = PBXGroup;
			children = (
				56A3ED0E1FE9BABFAC03563B /* Pods.debug.xcconfig */,
				FF6F532B5432F27442F9C513 /* Pods.release.xcconfig */,
			);
			name = Pods;
			sourceTree = "<group>";
		};
		C3259DE91BA00B9E00C2128C /* Spring */ = {
			isa = PBXGroup;
			children = (
				C3259DEA1BA00B9E00C2128C /* AsyncButton.swift */,
				C3259DEB1BA00B9E00C2128C /* AsyncImageView.swift */,
				C3259DEC1BA00B9E00C2128C /* AutoTextView.swift */,
				C3259DED1BA00B9E00C2128C /* BlurView.swift */,
				C3259DEE1BA00B9E00C2128C /* DesignableButton.swift */,
				C3259DEF1BA00B9E00C2128C /* DesignableImageView.swift */,
				C3259DF01BA00B9E00C2128C /* DesignableLabel.swift */,
				C3259DF11BA00B9E00C2128C /* DesignableTabBarController.swift */,
				C3259DF21BA00B9E00C2128C /* DesignableTextField.swift */,
				C3259DF31BA00B9E00C2128C /* DesignableTextView.swift */,
				C3259DF41BA00B9E00C2128C /* DesignableView.swift */,
				C3259DF51BA00B9E00C2128C /* ImageLoader.swift */,
				C3259DF61BA00B9E00C2128C /* Info.plist */,
				C3259DF71BA00B9E00C2128C /* KeyboardLayoutConstraint.swift */,
				C3259DF81BA00B9E00C2128C /* LoadingView.swift */,
				C3259DF91BA00B9E00C2128C /* LoadingView.xib */,
				C3259DFA1BA00B9E00C2128C /* Misc.swift */,
				C3259DFB1BA00B9E00C2128C /* SoundPlayer.swift */,
				C3259DFC1BA00B9E00C2128C /* Spring.h */,
				C3259DFD1BA00B9E00C2128C /* Spring.swift */,
				C3259DFE1BA00B9E00C2128C /* SpringAnimation.swift */,
				C3259DFF1BA00B9E00C2128C /* SpringButton.swift */,
				C3259E001BA00B9E00C2128C /* SpringImageView.swift */,
				C3259E011BA00B9E00C2128C /* SpringLabel.swift */,
				C3259E021BA00B9E00C2128C /* SpringTextField.swift */,
				C3259E031BA00B9E00C2128C /* SpringTextView.swift */,
				C3259E041BA00B9E00C2128C /* SpringView.swift */,
				C3259E051BA00B9E00C2128C /* TransitionManager.swift */,
				C3259E061BA00B9E00C2128C /* TransitionZoom.swift */,
				C3259E071BA00B9E00C2128C /* UnwindSegue.swift */,
			);
			path = Spring;
			sourceTree = "<group>";
		};
		C33008271A94A439003A0AEA /* Icons */ = {
			isa = PBXGroup;
			children = (
				C3B3486E1BAB0B59002BD3F4 /* Play@1x.png */,
				C3B3486F1BAB0B59002BD3F4 /* Play@2x.png */,
				C3B348701BAB0B59002BD3F4 /* Play@3x.png */,
				C3B6FAC51B0DA8C50052B7E5 /* StopFilled.png */,
				C3B6FAC61B0DA8C50052B7E5 /* StopFilled@2x.png */,
				C3B6FAC71B0DA8C50052B7E5 /* StopFilled@3x.png */,
				C3B6FABF1B0DA8BB0052B7E5 /* SkipFilled.png */,
				C3B6FAC01B0DA8BB0052B7E5 /* SkipFilled@2x.png */,
				C3B6FAC11B0DA8BB0052B7E5 /* SkipFilled@3x.png */,
				C3B6FAB91B0DA8A30052B7E5 /* PlayFilled.png */,
				C3B6FABA1B0DA8A30052B7E5 /* PlayFilled@2x.png */,
				C3B6FABB1B0DA8A30052B7E5 /* PlayFilled@3x.png */,
				C3B6FAB31B0DA8920052B7E5 /* PauseFilled.png */,
				C3B6FAB41B0DA8920052B7E5 /* PauseFilled@2x.png */,
				C3B6FAB51B0DA8920052B7E5 /* PauseFilled@3x.png */,
				C3534E231B09A63E0015B626 /* Checkmark.png */,
				C3534E241B09A63E0015B626 /* Checkmark@2x.png */,
				C3534E251B09A63E0015B626 /* Checkmark@3x.png */,
				C330084C1A94B703003A0AEA /* settings.png */,
				C330084D1A94B703003A0AEA /* settings@2x.png */,
				C330084E1A94B703003A0AEA /* settings@3x.png */,
				C33008461A94B625003A0AEA /* menu.png */,
				C3616A421AAB434500C47C8A /* archive.png */,
				C3616A431AAB434500C47C8A /* archive@2x.png */,
				C3616A441AAB434500C47C8A /* archive@3x.png */,
				C33008471A94B625003A0AEA /* menu@2x.png */,
				C33008481A94B625003A0AEA /* menu@3x.png */,
				C33008401A94AFB7003A0AEA /* delete.png */,
				C33008411A94AFB7003A0AEA /* delete@2x.png */,
				C33008421A94AFB7003A0AEA /* delete@3x.png */,
				C33008281A94A439003A0AEA /* edit.png */,
				C33008291A94A439003A0AEA /* edit@2x.png */,
				C330082A1A94A439003A0AEA /* edit@3x.png */,
				C330082B1A94A439003A0AEA /* info.png */,
				C330082C1A94A439003A0AEA /* info@2x.png */,
				C330082D1A94A439003A0AEA /* info@3x.png */,
				C330082E1A94A439003A0AEA /* plus.png */,
				C330082F1A94A439003A0AEA /* plus@2x.png */,
				C33008301A94A439003A0AEA /* plus@3x.png */,
			);
			path = Icons;
			sourceTree = "<group>";
		};
		C33AA7901B9D9EEB0052EFAF /* ColorUtils */ = {
			isa = PBXGroup;
			children = (
				C33AA7911B9D9EEB0052EFAF /* ColorUtils.h */,
				C33AA7921B9D9EEB0052EFAF /* ColorUtils.m */,
			);
			path = ColorUtils;
			sourceTree = "<group>";
		};
		C33EA2A41B9BE032001EC678 /* Resources */ = {
			isa = PBXGroup;
			children = (
				C3AF6F011BA3ED8300919243 /* Sounds */,
				C33008271A94A439003A0AEA /* Icons */,
			);
			name = Resources;
			sourceTree = "<group>";
		};
		C35B33501A0CBA1500061C40 = {
			isa = PBXGroup;
			children = (
				C35B335B1A0CBA1500061C40 /* Focus8 */,
				C35B33781A0CBA1500061C40 /* Focus8Tests */,
				C35B335A1A0CBA1500061C40 /* Products */,
				C3A49A461B92AF6300F7D796 /* AVFoundation.framework */,
				C3A49A441B90510900F7D796 /* AudioToolbox.framework */,
				A6D9FEBE3EEE0420823F1CC7 /* Pods */,
				DC954C7D587B637345C0B597 /* Frameworks */,
			);
			sourceTree = "<group>";
		};
		C35B335A1A0CBA1500061C40 /* Products */ = {
			isa = PBXGroup;
			children = (
				C35B33591A0CBA1500061C40 /* Focus8.app */,
				C35B33751A0CBA1500061C40 /* Focus8Tests.xctest */,
			);
			name = Products;
			sourceTree = "<group>";
		};
		C35B335B1A0CBA1500061C40 /* Focus8 */ = {
			isa = PBXGroup;
			children = (
				C3259DE91BA00B9E00C2128C /* Spring */,
				C33AA7901B9D9EEB0052EFAF /* ColorUtils */,
				C3ACAB751B3184C7000EF926 /* UIFlatColors */,
				C35B33881A0CBE5400061C40 /* ZGCountDownTimer */,
				C35B33601A0CBA1500061C40 /* AppDelegate.h */,
				C35B33611A0CBA1500061C40 /* AppDelegate.m */,
				C35B33851A0CBDF400061C40 /* FLTimerViewController.h */,
				C35B33861A0CBDF400061C40 /* FLTimerViewController.m */,
				C3EFAEA01A13462D003D641C /* FLEditTaskController.h */,
				C3EFAEA11A13462D003D641C /* FLEditTaskController.m */,
				C347DD8C1B8F1251006E3F3E /* FLSettingsController.h */,
				C347DD8D1B8F1251006E3F3E /* FLSettingsController.m */,
				C3616A3F1AAB021A00C47C8A /* EventTableViewController.h */,
				C3616A401AAB021A00C47C8A /* EventTableViewController.m */,
				C3D680851B3838D900C08860 /* FLReminderPickerController.h */,
				C3D680861B3838D900C08860 /* FLReminderPickerController.m */,
				C3D680891B3BBC6300C08860 /* FLTimingPickerController.h */,
				C3D6808A1B3BBC6300C08860 /* FLTimingPickerController.m */,
				C3D1B6151B47D7660003419B /* FLBreakDelayPickerController.h */,
				C3D1B6161B47D7660003419B /* FLBreakDelayPickerController.m */,
				C3D1B6181B4841320003419B /* FLSessionCountPickerController.h */,
				C3D1B6191B4841320003419B /* FLSessionCountPickerController.m */,
				C3534E201B09A12B0015B626 /* FLColorPicker.h */,
				C3534E211B09A12B0015B626 /* FLColorPicker.m */,
				C3A49A3B1B9032D300F7D796 /* FLSoundPickerController.h */,
				C3A49A3C1B9032D300F7D796 /* FLSoundPickerController.m */,
				C3EA01F51B0CE3EE00C321BF /* FLTaskCell.h */,
				C3EA01F61B0CE3EE00C321BF /* FLTaskCell.m */,
				C3EA01F11B0A27DF00C321BF /* FLColorCell.h */,
				C3EA01F21B0A27DF00C321BF /* FLColorCell.m */,
				C37567C71BA17E55009DB1D5 /* CoreDataClass */,
				C35B33631A0CBA1500061C40 /* Focus8.xcdatamodeld */,
				C35B336C1A0CBA1500061C40 /* Images.xcassets */,
				C35114191B1AEFF7005EB4B3 /* Main.storyboard */,
				C35B336E1A0CBA1500061C40 /* LaunchScreen.xib */,
				C33EA2A41B9BE032001EC678 /* Resources */,
				C35B335C1A0CBA1500061C40 /* Supporting Files */,
				C3E9B5DB1AF8897900F56963 /* Focus8-Bridging-Header.h */,
			);
			path = Focus8;
			sourceTree = "<group>";
		};
		C35B335C1A0CBA1500061C40 /* Supporting Files */ = {
			isa = PBXGroup;
			children = (
				C35B335D1A0CBA1500061C40 /* Info.plist */,
				C35B335E1A0CBA1500061C40 /* main.m */,
				C3A103861A2AD52800B1F6BD /* Focus8-Prefix.pch */,
			);
			name = "Supporting Files";
			sourceTree = "<group>";
		};
		C35B33781A0CBA1500061C40 /* Focus8Tests */ = {
			isa = PBXGroup;
			children = (
				C35B337B1A0CBA1500061C40 /* Focus8Tests.m */,
				C35B33791A0CBA1500061C40 /* Supporting Files */,
			);
			path = Focus8Tests;
			sourceTree = "<group>";
		};
		C35B33791A0CBA1500061C40 /* Supporting Files */ = {
			isa = PBXGroup;
			children = (
				C35B337A1A0CBA1500061C40 /* Info.plist */,
			);
			name = "Supporting Files";
			sourceTree = "<group>";
		};
		C35B33881A0CBE5400061C40 /* ZGCountDownTimer */ = {
			isa = PBXGroup;
			children = (
				C33EE6F31A675FB300C94E61 /* ZGCountDownTimer.h */,
				C33EE6F41A675FB300C94E61 /* ZGCountDownTimer.m */,
			);
			name = ZGCountDownTimer;
			sourceTree = "<group>";
		};
		C37567C71BA17E55009DB1D5 /* CoreDataClass */ = {
			isa = PBXGroup;
			children = (
				C37567BB1BA17E24009DB1D5 /* Task+CoreDataProperties.h */,
				C37567BC1BA17E24009DB1D5 /* Task+CoreDataProperties.m */,
				C37567BD1BA17E24009DB1D5 /* Task.h */,
				C37567BE1BA17E24009DB1D5 /* Task.m */,
				C37567BF1BA17E24009DB1D5 /* Event+CoreDataProperties.h */,
				C37567C01BA17E24009DB1D5 /* Event+CoreDataProperties.m */,
				C37567C11BA17E24009DB1D5 /* Event.h */,
				C37567C21BA17E24009DB1D5 /* Event.m */,
			);
			name = CoreDataClass;
			sourceTree = "<group>";
		};
		C3ACAB751B3184C7000EF926 /* UIFlatColors */ = {
			isa = PBXGroup;
			children = (
				C3BB41621B078C4D00A83016 /* UIColor+FlatColors.h */,
				C3BB41631B078C4D00A83016 /* UIColor+FlatColors.m */,
			);
			name = UIFlatColors;
			sourceTree = "<group>";
		};
		C3AF6F011BA3ED8300919243 /* Sounds */ = {
			isa = PBXGroup;
			children = (
				C3AF6F021BA3ED8300919243 /* Caribbean.caf */,
				C3AF6F031BA3ED8300919243 /* Glissful.caf */,
				C3AF6F041BA3ED8300919243 /* None.caf */,
				C3AF6F051BA3ED8300919243 /* Ready.caf */,
				C3AF6F061BA3ED8300919243 /* RingRing.caf */,
				C3AF6F071BA3ED8300919243 /* RobotsRattle.caf */,
				C3AF6F081BA3ED8300919243 /* Woodpecker.caf */,
			);
			path = Sounds;
			sourceTree = "<group>";
		};
		DC954C7D587B637345C0B597 /* Frameworks */ = {
			isa = PBXGroup;
			children = (
				78E09210CA49F9208CF4B91D /* libPods.a */,
			);
			name = Frameworks;
			sourceTree = "<group>";
		};
/* End PBXGroup section */

/* Begin PBXNativeTarget section */
		C35B33581A0CBA1500061C40 /* Focus8 */ = {
			isa = PBXNativeTarget;
			buildConfigurationList = C35B337F1A0CBA1500061C40 /* Build configuration list for PBXNativeTarget "Focus8" */;
			buildPhases = (
				991F036DB299FDAEABFA83EA /* Check Pods Manifest.lock */,
				C35B33551A0CBA1500061C40 /* Sources */,
				C35B33561A0CBA1500061C40 /* Frameworks */,
				C35B33571A0CBA1500061C40 /* Resources */,
				5ED13854408359E0A147D897 /* Copy Pods Resources */,
			);
			buildRules = (
			);
			dependencies = (
			);
			name = Focus8;
			productName = Focus8;
			productReference = C35B33591A0CBA1500061C40 /* Focus8.app */;
			productType = "com.apple.product-type.application";
		};
		C35B33741A0CBA1500061C40 /* Focus8Tests */ = {
			isa = PBXNativeTarget;
			buildConfigurationList = C35B33821A0CBA1500061C40 /* Build configuration list for PBXNativeTarget "Focus8Tests" */;
			buildPhases = (
				C35B33711A0CBA1500061C40 /* Sources */,
				C35B33721A0CBA1500061C40 /* Frameworks */,
				C35B33731A0CBA1500061C40 /* Resources */,
			);
			buildRules = (
			);
			dependencies = (
				C35B33771A0CBA1500061C40 /* PBXTargetDependency */,
			);
			name = Focus8Tests;
			productName = Focus8Tests;
			productReference = C35B33751A0CBA1500061C40 /* Focus8Tests.xctest */;
			productType = "com.apple.product-type.bundle.unit-test";
		};
/* End PBXNativeTarget section */

/* Begin PBXProject section */
		C35B33511A0CBA1500061C40 /* Project object */ = {
			isa = PBXProject;
			attributes = {
				LastSwiftUpdateCheck = 0700;
				LastUpgradeCheck = 0610;
				ORGANIZATIONNAME = FocusApps;
				TargetAttributes = {
					C35B33581A0CBA1500061C40 = {
						CreatedOnToolsVersion = 6.1;
						DevelopmentTeam = LLLE7JRS3U;
					};
					C35B33741A0CBA1500061C40 = {
						CreatedOnToolsVersion = 6.1;
						TestTargetID = C35B33581A0CBA1500061C40;
					};
				};
			};
			buildConfigurationList = C35B33541A0CBA1500061C40 /* Build configuration list for PBXProject "Focus8" */;
			compatibilityVersion = "Xcode 3.2";
			developmentRegion = English;
			hasScannedForEncodings = 0;
			knownRegions = (
				en,
				Base,
			);
			mainGroup = C35B33501A0CBA1500061C40;
			productRefGroup = C35B335A1A0CBA1500061C40 /* Products */;
			projectDirPath = "";
			projectRoot = "";
			targets = (
				C35B33581A0CBA1500061C40 /* Focus8 */,
				C35B33741A0CBA1500061C40 /* Focus8Tests */,
			);
		};
/* End PBXProject section */

/* Begin PBXResourcesBuildPhase section */
		C35B33571A0CBA1500061C40 /* Resources */ = {
			isa = PBXResourcesBuildPhase;
			buildActionMask = 2147483647;
			files = (
				C33008511A94B703003A0AEA /* settings@3x.png in Resources */,
				C3B6FAC31B0DA8BB0052B7E5 /* SkipFilled@2x.png in Resources */,
				C3B6FABE1B0DA8A30052B7E5 /* PlayFilled@3x.png in Resources */,
				C3B6FAC41B0DA8BB0052B7E5 /* SkipFilled@3x.png in Resources */,
				C3AF6F0B1BA3ED8300919243 /* None.caf in Resources */,
				C3B6FAB71B0DA8920052B7E5 /* PauseFilled@2x.png in Resources */,
				C3B6FABD1B0DA8A30052B7E5 /* PlayFilled@2x.png in Resources */,
				C33008391A94A439003A0AEA /* plus@3x.png in Resources */,
				C33008441A94AFB7003A0AEA /* delete@2x.png in Resources */,
				C3AF6F0F1BA3ED8300919243 /* Woodpecker.caf in Resources */,
				C3534E261B09A63E0015B626 /* Checkmark.png in Resources */,
				C33008491A94B625003A0AEA /* menu.png in Resources */,
				C33008321A94A439003A0AEA /* edit@2x.png in Resources */,
				C351141B1B1AEFF7005EB4B3 /* Main.storyboard in Resources */,
				C3AF6F091BA3ED8300919243 /* Caribbean.caf in Resources */,
				C3AF6F0D1BA3ED8300919243 /* RingRing.caf in Resources */,
				C3B6FABC1B0DA8A30052B7E5 /* PlayFilled.png in Resources */,
				C3AF6F0E1BA3ED8300919243 /* RobotsRattle.caf in Resources */,
				C3B6FAB61B0DA8920052B7E5 /* PauseFilled.png in Resources */,
				C3B6FAC91B0DA8C50052B7E5 /* StopFilled@2x.png in Resources */,
				C3B6FAC21B0DA8BB0052B7E5 /* SkipFilled.png in Resources */,
				C3534E281B09A63E0015B626 /* Checkmark@3x.png in Resources */,
				C33008311A94A439003A0AEA /* edit.png in Resources */,
				C33008431A94AFB7003A0AEA /* delete.png in Resources */,
				C35B33701A0CBA1500061C40 /* LaunchScreen.xib in Resources */,
				C3616A471AAB434500C47C8A /* archive@3x.png in Resources */,
				C33008361A94A439003A0AEA /* info@3x.png in Resources */,
				C35B336D1A0CBA1500061C40 /* Images.xcassets in Resources */,
				C3B6FAC81B0DA8C50052B7E5 /* StopFilled.png in Resources */,
				C3B348711BAB0B59002BD3F4 /* Play@1x.png in Resources */,
				C3AF6F0C1BA3ED8300919243 /* Ready.caf in Resources */,
				C3259E171BA00B9E00C2128C /* LoadingView.xib in Resources */,
				C3259E141BA00B9E00C2128C /* Info.plist in Resources */,
				C33008351A94A439003A0AEA /* info@2x.png in Resources */,
				C3534E271B09A63E0015B626 /* Checkmark@2x.png in Resources */,
				C3616A461AAB434500C47C8A /* archive@2x.png in Resources */,
				C33008381A94A439003A0AEA /* plus@2x.png in Resources */,
				C330084A1A94B625003A0AEA /* menu@2x.png in Resources */,
				C330084B1A94B625003A0AEA /* menu@3x.png in Resources */,
				C3B6FAB81B0DA8920052B7E5 /* PauseFilled@3x.png in Resources */,
				C3B348721BAB0B59002BD3F4 /* Play@2x.png in Resources */,
				C3616A451AAB434500C47C8A /* archive.png in Resources */,
				C33008371A94A439003A0AEA /* plus.png in Resources */,
				C33008501A94B703003A0AEA /* settings@2x.png in Resources */,
				C3AF6F0A1BA3ED8300919243 /* Glissful.caf in Resources */,
				C330084F1A94B703003A0AEA /* settings.png in Resources */,
				C3B348731BAB0B59002BD3F4 /* Play@3x.png in Resources */,
				C33008331A94A439003A0AEA /* edit@3x.png in Resources */,
				C3B6FACA1B0DA8C50052B7E5 /* StopFilled@3x.png in Resources */,
				C33008451A94AFB7003A0AEA /* delete@3x.png in Resources */,
				C33008341A94A439003A0AEA /* info.png in Resources */,
			);
			runOnlyForDeploymentPostprocessing = 0;
		};
		C35B33731A0CBA1500061C40 /* Resources */ = {
			isa = PBXResourcesBuildPhase;
			buildActionMask = 2147483647;
			files = (
			);
			runOnlyForDeploymentPostprocessing = 0;
		};
/* End PBXResourcesBuildPhase section */

/* Begin PBXShellScriptBuildPhase section */
		5ED13854408359E0A147D897 /* Copy Pods Resources */ = {
			isa = PBXShellScriptBuildPhase;
			buildActionMask = 2147483647;
			files = (
			);
			inputPaths = (
			);
			name = "Copy Pods Resources";
			outputPaths = (
			);
			runOnlyForDeploymentPostprocessing = 0;
			shellPath = /bin/sh;
			shellScript = "\"${SRCROOT}/Pods/Target Support Files/Pods/Pods-resources.sh\"\n";
			showEnvVarsInLog = 0;
		};
		991F036DB299FDAEABFA83EA /* Check Pods Manifest.lock */ = {
			isa = PBXShellScriptBuildPhase;
			buildActionMask = 2147483647;
			files = (
			);
			inputPaths = (
			);
			name = "Check Pods Manifest.lock";
			outputPaths = (
			);
			runOnlyForDeploymentPostprocessing = 0;
			shellPath = /bin/sh;
			shellScript = "diff \"${PODS_ROOT}/../Podfile.lock\" \"${PODS_ROOT}/Manifest.lock\" > /dev/null\nif [[ $? != 0 ]] ; then\n    cat << EOM\nerror: The sandbox is not in sync with the Podfile.lock. Run 'pod install' or update your CocoaPods installation.\nEOM\n    exit 1\nfi\n";
			showEnvVarsInLog = 0;
		};
/* End PBXShellScriptBuildPhase section */

/* Begin PBXSourcesBuildPhase section */
		C35B33551A0CBA1500061C40 /* Sources */ = {
			isa = PBXSourcesBuildPhase;
			buildActionMask = 2147483647;
			files = (
				C37567C31BA17E24009DB1D5 /* Task+CoreDataProperties.m in Sources */,
				C3259E0D1BA00B9E00C2128C /* DesignableImageView.swift in Sources */,
				C37567C51BA17E24009DB1D5 /* Event+CoreDataProperties.m in Sources */,
				C3BB41641B078C4D00A83016 /* UIColor+FlatColors.m in Sources */,
				C3259E201BA00B9E00C2128C /* SpringTextView.swift in Sources */,
				C3259E151BA00B9E00C2128C /* KeyboardLayoutConstraint.swift in Sources */,
				C33EE6F51A675FB300C94E61 /* ZGCountDownTimer.m in Sources */,
				C3D1B6171B47D7660003419B /* FLBreakDelayPickerController.m in Sources */,
				C3259E221BA00B9E00C2128C /* TransitionManager.swift in Sources */,
				C3EFAEA21A13462D003D641C /* FLEditTaskController.m in Sources */,
				C3259E1F1BA00B9E00C2128C /* SpringTextField.swift in Sources */,
				C3D1B61A1B4841320003419B /* FLSessionCountPickerController.m in Sources */,
				C3259E131BA00B9E00C2128C /* ImageLoader.swift in Sources */,
				C3259E0F1BA00B9E00C2128C /* DesignableTabBarController.swift in Sources */,
				C3259E121BA00B9E00C2128C /* DesignableView.swift in Sources */,
				C3259E091BA00B9E00C2128C /* AsyncImageView.swift in Sources */,
				C3259E1C1BA00B9E00C2128C /* SpringButton.swift in Sources */,
				C3259E101BA00B9E00C2128C /* DesignableTextField.swift in Sources */,
				C3D680871B3838D900C08860 /* FLReminderPickerController.m in Sources */,
				C3259E211BA00B9E00C2128C /* SpringView.swift in Sources */,
				C3259E241BA00B9E00C2128C /* UnwindSegue.swift in Sources */,
				C3259E231BA00B9E00C2128C /* TransitionZoom.swift in Sources */,
				C3534E221B09A12B0015B626 /* FLColorPicker.m in Sources */,
				C3259E081BA00B9E00C2128C /* AsyncButton.swift in Sources */,
				C37567C41BA17E24009DB1D5 /* Task.m in Sources */,
				C3259E1D1BA00B9E00C2128C /* SpringImageView.swift in Sources */,
				C35B33871A0CBDF400061C40 /* FLTimerViewController.m in Sources */,
				C37567C61BA17E24009DB1D5 /* Event.m in Sources */,
				C3259E1B1BA00B9E00C2128C /* SpringAnimation.swift in Sources */,
				C3259E1E1BA00B9E00C2128C /* SpringLabel.swift in Sources */,
				C3A49A3D1B9032D300F7D796 /* FLSoundPickerController.m in Sources */,
				C3259E181BA00B9E00C2128C /* Misc.swift in Sources */,
				C3616A411AAB021A00C47C8A /* EventTableViewController.m in Sources */,
				C3259E0C1BA00B9E00C2128C /* DesignableButton.swift in Sources */,
				C35B33651A0CBA1500061C40 /* Focus8.xcdatamodeld in Sources */,
				C3259E191BA00B9E00C2128C /* SoundPlayer.swift in Sources */,
				C3259E161BA00B9E00C2128C /* LoadingView.swift in Sources */,
				C3259E0A1BA00B9E00C2128C /* AutoTextView.swift in Sources */,
				C3D6808B1B3BBC6300C08860 /* FLTimingPickerController.m in Sources */,
				C33AA7931B9D9EEB0052EFAF /* ColorUtils.m in Sources */,
				C3259E0B1BA00B9E00C2128C /* BlurView.swift in Sources */,
				C3EA01F71B0CE3EE00C321BF /* FLTaskCell.m in Sources */,
				C35B33621A0CBA1500061C40 /* AppDelegate.m in Sources */,
				C347DD8E1B8F1251006E3F3E /* FLSettingsController.m in Sources */,
				C35B335F1A0CBA1500061C40 /* main.m in Sources */,
				C3259E1A1BA00B9E00C2128C /* Spring.swift in Sources */,
				C3259E111BA00B9E00C2128C /* DesignableTextView.swift in Sources */,
				C3259E0E1BA00B9E00C2128C /* DesignableLabel.swift in Sources */,
				C3EA01F31B0A27DF00C321BF /* FLColorCell.m in Sources */,
			);
			runOnlyForDeploymentPostprocessing = 0;
		};
		C35B33711A0CBA1500061C40 /* Sources */ = {
			isa = PBXSourcesBuildPhase;
			buildActionMask = 2147483647;
			files = (
				C35B337C1A0CBA1500061C40 /* Focus8Tests.m in Sources */,
			);
			runOnlyForDeploymentPostprocessing = 0;
		};
/* End PBXSourcesBuildPhase section */

/* Begin PBXTargetDependency section */
		C35B33771A0CBA1500061C40 /* PBXTargetDependency */ = {
			isa = PBXTargetDependency;
			target = C35B33581A0CBA1500061C40 /* Focus8 */;
			targetProxy = C35B33761A0CBA1500061C40 /* PBXContainerItemProxy */;
		};
/* End PBXTargetDependency section */

/* Begin PBXVariantGroup section */
		C35114191B1AEFF7005EB4B3 /* Main.storyboard */ = {
			isa = PBXVariantGroup;
			children = (
				C351141A1B1AEFF7005EB4B3 /* Base */,
			);
			name = Main.storyboard;
			sourceTree = "<group>";
		};
		C35B336E1A0CBA1500061C40 /* LaunchScreen.xib */ = {
			isa = PBXVariantGroup;
			children = (
				C35B336F1A0CBA1500061C40 /* Base */,
			);
			name = LaunchScreen.xib;
			sourceTree = "<group>";
		};
/* End PBXVariantGroup section */

/* Begin XCBuildConfiguration section */
		C35B337D1A0CBA1500061C40 /* Debug */ = {
			isa = XCBuildConfiguration;
			buildSettings = {
				ALWAYS_SEARCH_USER_PATHS = NO;
				CLANG_CXX_LANGUAGE_STANDARD = "gnu++0x";
				CLANG_CXX_LIBRARY = "libc++";
				CLANG_ENABLE_MODULES = YES;
				CLANG_ENABLE_OBJC_ARC = YES;
				CLANG_WARN_BOOL_CONVERSION = YES;
				CLANG_WARN_CONSTANT_CONVERSION = YES;
				CLANG_WARN_DIRECT_OBJC_ISA_USAGE = YES_ERROR;
				CLANG_WARN_EMPTY_BODY = YES;
				CLANG_WARN_ENUM_CONVERSION = YES;
				CLANG_WARN_INT_CONVERSION = YES;
				CLANG_WARN_OBJC_ROOT_CLASS = YES_ERROR;
				CLANG_WARN_UNREACHABLE_CODE = YES;
				CLANG_WARN__DUPLICATE_METHOD_MATCH = YES;
				"CODE_SIGN_IDENTITY[sdk=iphoneos*]" = "iPhone Developer";
				COPY_PHASE_STRIP = NO;
				ENABLE_STRICT_OBJC_MSGSEND = YES;
				GCC_C_LANGUAGE_STANDARD = gnu99;
				GCC_DYNAMIC_NO_PIC = NO;
				GCC_OPTIMIZATION_LEVEL = 0;
				GCC_PREPROCESSOR_DEFINITIONS = (
					"DEBUG=1",
					"$(inherited)",
				);
				GCC_SYMBOLS_PRIVATE_EXTERN = NO;
				GCC_WARN_64_TO_32_BIT_CONVERSION = YES;
				GCC_WARN_ABOUT_RETURN_TYPE = YES_ERROR;
				GCC_WARN_UNDECLARED_SELECTOR = YES;
				GCC_WARN_UNINITIALIZED_AUTOS = YES_AGGRESSIVE;
				GCC_WARN_UNUSED_FUNCTION = YES;
				GCC_WARN_UNUSED_VARIABLE = YES;
				IPHONEOS_DEPLOYMENT_TARGET = 8.0;
				MTL_ENABLE_DEBUG_INFO = YES;
				ONLY_ACTIVE_ARCH = YES;
				SDKROOT = iphoneos;
			};
			name = Debug;
		};
		C35B337E1A0CBA1500061C40 /* Release */ = {
			isa = XCBuildConfiguration;
			buildSettings = {
				ALWAYS_SEARCH_USER_PATHS = NO;
				CLANG_CXX_LANGUAGE_STANDARD = "gnu++0x";
				CLANG_CXX_LIBRARY = "libc++";
				CLANG_ENABLE_MODULES = YES;
				CLANG_ENABLE_OBJC_ARC = YES;
				CLANG_WARN_BOOL_CONVERSION = YES;
				CLANG_WARN_CONSTANT_CONVERSION = YES;
				CLANG_WARN_DIRECT_OBJC_ISA_USAGE = YES_ERROR;
				CLANG_WARN_EMPTY_BODY = YES;
				CLANG_WARN_ENUM_CONVERSION = YES;
				CLANG_WARN_INT_CONVERSION = YES;
				CLANG_WARN_OBJC_ROOT_CLASS = YES_ERROR;
				CLANG_WARN_UNREACHABLE_CODE = YES;
				CLANG_WARN__DUPLICATE_METHOD_MATCH = YES;
				"CODE_SIGN_IDENTITY[sdk=iphoneos*]" = "iPhone Developer";
				COPY_PHASE_STRIP = YES;
				ENABLE_NS_ASSERTIONS = NO;
				ENABLE_STRICT_OBJC_MSGSEND = YES;
				GCC_C_LANGUAGE_STANDARD = gnu99;
				GCC_WARN_64_TO_32_BIT_CONVERSION = YES;
				GCC_WARN_ABOUT_RETURN_TYPE = YES_ERROR;
				GCC_WARN_UNDECLARED_SELECTOR = YES;
				GCC_WARN_UNINITIALIZED_AUTOS = YES_AGGRESSIVE;
				GCC_WARN_UNUSED_FUNCTION = YES;
				GCC_WARN_UNUSED_VARIABLE = YES;
				IPHONEOS_DEPLOYMENT_TARGET = 8.0;
				MTL_ENABLE_DEBUG_INFO = NO;
				SDKROOT = iphoneos;
				VALIDATE_PRODUCT = YES;
			};
			name = Release;
		};
		C35B33801A0CBA1500061C40 /* Debug */ = {
			isa = XCBuildConfiguration;
			baseConfigurationReference = 56A3ED0E1FE9BABFAC03563B /* Pods.debug.xcconfig */;
			buildSettings = {
				ASSETCATALOG_COMPILER_APPICON_NAME = AppIcon;
				CLANG_ENABLE_MODULES = YES;
				INFOPLIST_FILE = Focus8/Info.plist;
				IPHONEOS_DEPLOYMENT_TARGET = 8.0;
				LD_RUNPATH_SEARCH_PATHS = "$(inherited) @executable_path/Frameworks";
				PRODUCT_NAME = "$(TARGET_NAME)";
				SWIFT_OBJC_BRIDGING_HEADER = "Focus8/Focus8-Bridging-Header.h";
				SWIFT_OPTIMIZATION_LEVEL = "-Onone";
				TARGETED_DEVICE_FAMILY = 1;
			};
			name = Debug;
		};
		C35B33811A0CBA1500061C40 /* Release */ = {
			isa = XCBuildConfiguration;
			baseConfigurationReference = FF6F532B5432F27442F9C513 /* Pods.release.xcconfig */;
			buildSettings = {
				ASSETCATALOG_COMPILER_APPICON_NAME = AppIcon;
				CLANG_ENABLE_MODULES = YES;
				INFOPLIST_FILE = Focus8/Info.plist;
				IPHONEOS_DEPLOYMENT_TARGET = 8.0;
				LD_RUNPATH_SEARCH_PATHS = "$(inherited) @executable_path/Frameworks";
				PRODUCT_NAME = "$(TARGET_NAME)";
				SWIFT_OBJC_BRIDGING_HEADER = "Focus8/Focus8-Bridging-Header.h";
				TARGETED_DEVICE_FAMILY = 1;
			};
			name = Release;
		};
		C35B33831A0CBA1500061C40 /* Debug */ = {
			isa = XCBuildConfiguration;
			buildSettings = {
				BUNDLE_LOADER = "$(TEST_HOST)";
				FRAMEWORK_SEARCH_PATHS = "";
				GCC_PREPROCESSOR_DEFINITIONS = (
					"DEBUG=1",
					"$(inherited)",
				);
				INFOPLIST_FILE = Focus8Tests/Info.plist;
				LD_RUNPATH_SEARCH_PATHS = "$(inherited) @executable_path/Frameworks @loader_path/Frameworks";
				PRODUCT_NAME = "$(TARGET_NAME)";
				TEST_HOST = "$(BUILT_PRODUCTS_DIR)/Focus8.app/Focus8";
			};
			name = Debug;
		};
		C35B33841A0CBA1500061C40 /* Release */ = {
			isa = XCBuildConfiguration;
			buildSettings = {
				BUNDLE_LOADER = "$(TEST_HOST)";
				FRAMEWORK_SEARCH_PATHS = "";
				INFOPLIST_FILE = Focus8Tests/Info.plist;
				LD_RUNPATH_SEARCH_PATHS = "$(inherited) @executable_path/Frameworks @loader_path/Frameworks";
				PRODUCT_NAME = "$(TARGET_NAME)";
				TEST_HOST = "$(BUILT_PRODUCTS_DIR)/Focus8.app/Focus8";
			};
			name = Release;
		};
/* End XCBuildConfiguration section */

/* Begin XCConfigurationList section */
		C35B33541A0CBA1500061C40 /* Build configuration list for PBXProject "Focus8" */ = {
			isa = XCConfigurationList;
			buildConfigurations = (
				C35B337D1A0CBA1500061C40 /* Debug */,
				C35B337E1A0CBA1500061C40 /* Release */,
			);
			defaultConfigurationIsVisible = 0;
			defaultConfigurationName = Release;
		};
		C35B337F1A0CBA1500061C40 /* Build configuration list for PBXNativeTarget "Focus8" */ = {
			isa = XCConfigurationList;
			buildConfigurations = (
				C35B33801A0CBA1500061C40 /* Debug */,
				C35B33811A0CBA1500061C40 /* Release */,
			);
			defaultConfigurationIsVisible = 0;
			defaultConfigurationName = Release;
		};
		C35B33821A0CBA1500061C40 /* Build configuration list for PBXNativeTarget "Focus8Tests" */ = {
			isa = XCConfigurationList;
			buildConfigurations = (
				C35B33831A0CBA1500061C40 /* Debug */,
				C35B33841A0CBA1500061C40 /* Release */,
			);
			defaultConfigurationIsVisible = 0;
			defaultConfigurationName = Release;
		};
/* End XCConfigurationList section */

/* Begin XCVersionGroup section */
		C35B33631A0CBA1500061C40 /* Focus8.xcdatamodeld */ = {
			isa = XCVersionGroup;
			children = (
				C35B33641A0CBA1500061C40 /* Focus8.xcdatamodel */,
			);
			currentVersion = C35B33641A0CBA1500061C40 /* Focus8.xcdatamodel */;
			path = Focus8.xcdatamodeld;
			sourceTree = "<group>";
			versionGroupType = wrapper.xcdatamodel;
		};
/* End XCVersionGroup section */
	};
	rootObject = C35B33511A0CBA1500061C40 /* Project object */;
}
